<?xml version="1.0" encoding="UTF-8" standalone="yes" ?>
<CodeBlocks_project_file>
	<FileVersion major="1" minor="6" />
	<Project>
		<Option title="demonblade" />
		<Option pch_mode="2" />
		<Option compiler="gcc" />
		<Build>
			<Target title="release">
				<Option output="./build/demonblade" prefix_auto="1" extension_auto="1" />
				<Option working_dir="" />
				<Option object_output="./objects/" />
				<Option type="2" />
				<Option compiler="gcc" />
				<Option createDefFile="1" />
				<Compiler>
					<Add option="-O2" />
					<Add option="-Wall" />
					<Add option="-std=c++11" />
					<Add directory="external" />
				</Compiler>
				<Linker>
					<Add option="-s" />
					<Add library="glew32" />
					<Add library="opengl32" />
					<Add directory="external/glew/lib/gcc" />
				</Linker>
			</Target>
		</Build>
		<Unit filename="modules/common/db_gl.hpp" />
		<Unit filename="modules/common/db_glm.hpp" />
		<Unit filename="modules/common/debug.cpp" />
		<Unit filename="modules/common/debug.hpp" />
		<Unit filename="modules/common/global.hpp" />
		<Unit filename="modules/core/camera.cpp" />
		<Unit filename="modules/core/camera.hpp" />
		<Unit filename="modules/core/core.hpp" />
		<Unit filename="modules/core/fp_camera.cpp" />
		<Unit filename="modules/core/fp_camera.hpp" />
		<Unit filename="modules/core/ogl.cpp" />
		<Unit filename="modules/core/ogl.hpp" />
		<Unit filename="modules/demonblade.hpp" />
		<Unit filename="modules/render/drawable.cpp" />
		<Unit filename="modules/render/drawable.hpp" />
		<Unit filename="modules/render/mesh.cpp" />
		<Unit filename="modules/render/mesh.hpp" />
		<Unit filename="modules/render/model.cpp" />
		<Unit filename="modules/render/model.hpp" />
		<Unit filename="modules/render/render.hpp" />
		<Unit filename="modules/render/sprite.cpp" />
		<Unit filename="modules/render/sprite.hpp" />
		<Unit filename="modules/render/texture.cpp" />
		<Unit filename="modules/render/texture.hpp" />
		<Unit filename="modules/render/texture_1d.cpp" />
		<Unit filename="modules/render/texture_1d.hpp" />
		<Unit filename="modules/render/texture_2d.cpp" />
		<Unit filename="modules/render/texture_2d.hpp" />
		<Unit filename="modules/render/texture_3d.cpp" />
		<Unit filename="modules/render/texture_3d.hpp" />
		<Unit filename="modules/render/texture_cm.cpp" />
		<Unit filename="modules/render/texture_cm.hpp" />
		<Extensions>
			<code_completion />
			<envvars />
			<debugger />
			<lib_finder disable_auto="1" />
		</Extensions>
	</Project>
</CodeBlocks_project_file>
